<?xml version="1.0" encoding="utf-8"?>
<Project ToolsVersion="4.0" xmlns="http://schemas.microsoft.com/developer/msbuild/2003">
  <ItemGroup>
    <Filter Include="Source Files">
      <UniqueIdentifier>{4FC737F1-C7A5-4376-A066-2A32D752A2FF}</UniqueIdentifier>
      <Extensions>cpp;c;cc;cxx;c++;cppm;ixx;def;odl;idl;hpj;bat;asm;asmx</Extensions>
    </Filter>
    <Filter Include="Header Files">
      <UniqueIdentifier>{93995380-89BD-4b04-88EB-625FBE52EBFB}</UniqueIdentifier>
      <Extensions>h;hh;hpp;hxx;h++;hm;inl;inc;ipp;xsd</Extensions>
    </Filter>
    <Filter Include="Resource Files">
      <UniqueIdentifier>{67DA6AB6-F800-4c08-8B7A-83BB121AAD01}</UniqueIdentifier>
      <Extensions>rc;ico;cur;bmp;dlg;rc2;rct;bin;rgs;gif;jpg;jpeg;jpe;resx;tiff;tif;png;wav;mfcribbon-ms</Extensions>
    </Filter>
    <Filter Include="Source Files\ImGui">
      <UniqueIdentifier>{1b9bf171-969b-4e34-8ef5-301ddb5539e3}</UniqueIdentifier>
    </Filter>
    <Filter Include="Resource Files\compute">
      <UniqueIdentifier>{768c1eef-2985-4e94-ad69-a7cda18ec33a}</UniqueIdentifier>
    </Filter>
    <Filter Include="Resource Files\postprocess">
      <UniqueIdentifier>{5642a424-d3f4-4a1c-837e-2d08169fdc10}</UniqueIdentifier>
    </Filter>
    <Filter Include="Resource Files\renderPipeline">
      <UniqueIdentifier>{2a0e4fb8-54ef-4a0f-96e4-ee5f662be99a}</UniqueIdentifier>
    </Filter>
  </ItemGroup>
  <ItemGroup>
    <ClInclude Include="include\WindowApplication.h">
      <Filter>Header Files</Filter>
    </ClInclude>
    <ClInclude Include="include\D3D11Application.h">
      <Filter>Header Files</Filter>
    </ClInclude>
    <ClInclude Include="include\Object.h">
      <Filter>Header Files</Filter>
    </ClInclude>
    <ClInclude Include="include\Vector3.h">
      <Filter>Header Files</Filter>
    </ClInclude>
    <ClInclude Include="include\TimeManager.h">
      <Filter>Header Files</Filter>
    </ClInclude>
    <ClInclude Include="include\ObjectManager.h">
      <Filter>Header Files</Filter>
    </ClInclude>
    <ClInclude Include="include\SceneManager.h">
      <Filter>Header Files</Filter>
    </ClInclude>
    <ClInclude Include="include\CameraManager.h">
      <Filter>Header Files</Filter>
    </ClInclude>
    <ClInclude Include="include\InputManager.h">
      <Filter>Header Files</Filter>
    </ClInclude>
    <ClInclude Include="include\OceanSurface.h">
      <Filter>Header Files</Filter>
    </ClInclude>
    <ClInclude Include="include\SkyBox.h">
      <Filter>Header Files</Filter>
    </ClInclude>
    <ClInclude Include="include\OceanComputeManager.h">
      <Filter>Header Files</Filter>
    </ClInclude>
    <ClInclude Include="include\FFTManager.h">
      <Filter>Header Files</Filter>
    </ClInclude>
    <ClInclude Include="include\Texture2D.h">
      <Filter>Header Files</Filter>
    </ClInclude>
    <ClInclude Include="include\PostprocessEffect.h">
      <Filter>Header Files</Filter>
    </ClInclude>
    <ClInclude Include="include\PostprocessEffectManager.h">
      <Filter>Header Files</Filter>
    </ClInclude>
    <ClInclude Include="include\DefaultPostprocessEffect.h">
      <Filter>Header Files</Filter>
    </ClInclude>
    <ClInclude Include="include\FogPostprocessEffect.h">
      <Filter>Header Files</Filter>
    </ClInclude>
  </ItemGroup>
  <ItemGroup>
    <ClCompile Include="source\WindowApplication.cpp">
      <Filter>Source Files</Filter>
    </ClCompile>
    <ClCompile Include="source\D3D11Application.cpp">
      <Filter>Source Files</Filter>
    </ClCompile>
    <ClCompile Include="Main.cpp" />
    <ClCompile Include="source\Vector3.cpp">
      <Filter>Source Files</Filter>
    </ClCompile>
    <ClCompile Include="source\TimeManager.cpp">
      <Filter>Source Files</Filter>
    </ClCompile>
    <ClCompile Include="source\ObjectManager.cpp">
      <Filter>Source Files</Filter>
    </ClCompile>
    <ClCompile Include="source\SceneManager.cpp">
      <Filter>Source Files</Filter>
    </ClCompile>
    <ClCompile Include="source\CameraManager.cpp">
      <Filter>Source Files</Filter>
    </ClCompile>
    <ClCompile Include="source\InputManager.cpp">
      <Filter>Source Files</Filter>
    </ClCompile>
    <ClCompile Include="source\OceanSurface.cpp">
      <Filter>Source Files</Filter>
    </ClCompile>
    <ClCompile Include="source\SkyBox.cpp">
      <Filter>Source Files</Filter>
    </ClCompile>
    <ClCompile Include="source\OceanComputeManager.cpp">
      <Filter>Source Files</Filter>
    </ClCompile>
    <ClCompile Include="imgui\imgui.cpp">
      <Filter>Source Files\ImGui</Filter>
    </ClCompile>
    <ClCompile Include="imgui\imgui_draw.cpp">
      <Filter>Source Files\ImGui</Filter>
    </ClCompile>
    <ClCompile Include="imgui\imgui_tables.cpp">
      <Filter>Source Files\ImGui</Filter>
    </ClCompile>
    <ClCompile Include="imgui\imgui_widgets.cpp">
      <Filter>Source Files\ImGui</Filter>
    </ClCompile>
    <ClCompile Include="imgui\backends\imgui_impl_dx11.cpp">
      <Filter>Source Files\ImGui</Filter>
    </ClCompile>
    <ClCompile Include="imgui\backends\imgui_impl_glfw.cpp">
      <Filter>Source Files\ImGui</Filter>
    </ClCompile>
    <ClCompile Include="source\FFTManager.cpp">
      <Filter>Source Files</Filter>
    </ClCompile>
    <ClCompile Include="source\Texture2D.cpp">
      <Filter>Source Files</Filter>
    </ClCompile>
    <ClCompile Include="source\PostprocessEffectManager.cpp">
      <Filter>Source Files</Filter>
    </ClCompile>
    <ClCompile Include="source\DefaultPostprocessEffect.cpp">
      <Filter>Source Files</Filter>
    </ClCompile>
    <ClCompile Include="source\FogPostprocessEffect.cpp">
      <Filter>Source Files</Filter>
    </ClCompile>
  </ItemGroup>
  <ItemGroup>
    <FxCompile Include="assets\shaders\compute\DisplacementAndSlopeCS.hlsl">
      <Filter>Resource Files\compute</Filter>
    </FxCompile>
    <FxCompile Include="assets\shaders\compute\FFTCS.hlsl">
      <Filter>Resource Files\compute</Filter>
    </FxCompile>
    <FxCompile Include="assets\shaders\compute\InitialSpectrumCS.hlsl">
      <Filter>Resource Files\compute</Filter>
    </FxCompile>
    <FxCompile Include="assets\shaders\compute\TimeEvolutionCS.hlsl">
      <Filter>Resource Files\compute</Filter>
    </FxCompile>
    <FxCompile Include="assets\shaders\renderPipeline\GerstnerWavesVS.hlsl">
      <Filter>Resource Files\renderPipeline</Filter>
    </FxCompile>
    <FxCompile Include="assets\shaders\renderPipeline\OceanSurfaceDS.hlsl">
      <Filter>Resource Files\renderPipeline</Filter>
    </FxCompile>
    <FxCompile Include="assets\shaders\renderPipeline\OceanSurfaceHS.hlsl">
      <Filter>Resource Files\renderPipeline</Filter>
    </FxCompile>
    <FxCompile Include="assets\shaders\renderPipeline\OceanSurfaceVS.hlsl">
      <Filter>Resource Files\renderPipeline</Filter>
    </FxCompile>
    <FxCompile Include="assets\shaders\renderPipeline\PixelShader.hlsl">
      <Filter>Resource Files\renderPipeline</Filter>
    </FxCompile>
    <FxCompile Include="assets\shaders\renderPipeline\SkyBoxPS.hlsl">
      <Filter>Resource Files\renderPipeline</Filter>
    </FxCompile>
    <FxCompile Include="assets\shaders\renderPipeline\SkyBoxVS.hlsl">
      <Filter>Resource Files\renderPipeline</Filter>
    </FxCompile>
    <FxCompile Include="assets\shaders\renderPipeline\SumOfSinesVS.hlsl">
      <Filter>Resource Files\renderPipeline</Filter>
    </FxCompile>
    <FxCompile Include="assets\shaders\postprocessEffects\Fog.hlsl">
      <Filter>Resource Files\postprocess</Filter>
    </FxCompile>
    <FxCompile Include="assets\shaders\postprocessEffects\PostprocessEffectVS.hlsl">
      <Filter>Resource Files\postprocess</Filter>
    </FxCompile>
    <FxCompile Include="assets\shaders\postprocessEffects\DefaultPostprocessEffect.hlsl">
      <Filter>Resource Files\postprocess</Filter>
    </FxCompile>
  </ItemGroup>
</Project>